github.com/cespare/xxhash/v2 v2.2.0 h1:DC2CZ1Ep5Y4k3ZQ899DldepgrayRUGE6BBZ/cd9Cj44=
github.com/cespare/xxhash/v2 v2.2.0/go.mod h1:VGX0DQ3Q6kWi7AoAeZDth3/j3BFtOZR5XLFGgcrjCOs=
github.com/dgryski/go-rendezvous v0.0.0-20200823014737-9f7001d12a5f h1:lO4WD4F/rVNCu3HqELle0jiPLLBs70cWOduZpkS1E78=
github.com/dgryski/go-rendezvous v0.0.0-20200823014737-9f7001d12a5f/go.mod h1:cuUVRXasLTGF7a8hSLbxyZXjz+1KgoB3wDUb6vlszIc=
github.com/fatih/camelcase v1.0.0 h1:hxNvNX/xYBp0ovncs8WyWZrOrpBNub/JfaMvbURyft8=
github.com/fatih/camelcase v1.0.0/go.mod h1:yN2Sb0lFhZJUdVvtELVWefmrXpuZESvPmqwoZc+/fpc=
github.com/fatih/gomodifytags v1.16.0 h1:B65npXIXSk44F6c1hZGE1NazSnt+eXvtdEOG2Uy+QdU=
github.com/fatih/gomodifytags v1.16.0/go.mod h1:TbUyEjH1Zo0GkJd2Q52oVYqYcJ0eGNqG8bsiOb75P9c=
github.com/fatih/structtag v1.2.0 h1:/OdNE99OxoI/PqaW/SuSK9uxxT3f/tcSZgon/ssNSx4=
github.com/fatih/structtag v1.2.0/go.mod h1:mBJUNpUnHmRKrKlQQlmCrh5PuhftFbNv8Ys4/aAZl94=
github.com/go-chi/chi v1.5.5 h1:vOB/HbEMt9QqBqErz07QehcOKHaWFtuj87tTDVz2qXE=
github.com/go-chi/chi v1.5.5/go.mod h1:C9JqLr3tIYjDOZpzn+BCuxY8z8vmca43EeMgyZt7irw=
github.com/go-chi/chi/v5 v5.1.0 h1:acVI1TYaD+hhedDJ3r54HyA6sExp3HfXq7QWEEY/xMw=
github.com/go-chi/chi/v5 v5.1.0/go.mod h1:DslCQbL2OYiznFReuXYUmQ2hGd1aDpCnlMNITLSKoi8=
github.com/google/uuid v1.6.0 h1:NIvaJDMOsjHA8n1jAhLSgzrAzy1Hgr+hNrb57e+94F0=
github.com/google/uuid v1.6.0/go.mod h1:TIyPZe4MgqvfeYDBFedMoGGpEw/LqOeaOT+nhxU+yHo=
github.com/redis/go-redis/v9 v9.5.3 h1:fOAp1/uJG+ZtcITgZOfYFmTKPE7n4Vclj1wZFgRciUU=
github.com/redis/go-redis/v9 v9.5.3/go.mod h1:hdY0cQFCN4fnSYT6TkisLufl/4W5UIXyv0b/CLO2V2M=
golang.org/x/tools v0.0.0-20180824175216-6c1c5e93cdc1 h1:EAPsk8kfGCjxQagrkWjzXlUWe2p3gj5MknO+z2o9GKc=
golang.org/x/tools v0.0.0-20180824175216-6c1c5e93cdc1/go.mod h1:n7NCudcB/nEzxVGmLbDWY5pfWTLqBcC2KZ6jyYvM4mQ=
